
Microsoft Visual Studio Solution File, Format Version 12.00
# Visual Studio Version 16
VisualStudioVersion = 16.0.30320.27
MinimumVisualStudioVersion = 10.0.40219.1
Project("{FAE04EC0-301F-11D3-BF4B-00C04F79EFBC}") = "Condom", "Condom\Condom.csproj", "{028E01C6-18D2-4D38-9E19-C00E25C9161B}"
EndProject
Global
	GlobalSection(SolutionConfigurationPlatforms) = preSolution
		Debug|Any CPU = Debug|Any CPU
		Release|Any CPU = Release|Any CPU
	EndGlobalSection
	GlobalSection(ProjectConfigurationPlatforms) = postSolution
		{028E01C6-18D2-4D38-9E19-C00E25C9161B}.Debug|Any CPU.ActiveCfg = Debug|Any CPU
		{028E01C6-18D2-4D38-9E19-C00E25C9161B}.Debug|Any CPU.Build.0 = Debug|Any CPU
		{028E01C6-18D2-4D38-9E19-C00E25C9161B}.Release|Any CPU.ActiveCfg = Release|Any CPU
		{028E01C6-18D2-4D38-9E19-C00E25C9161B}.Release|Any CPU.Build.0 = Release|Any CPU
	EndGlobalSection
	GlobalSection(SolutionProperties) = preSolution
		HideSolutionNode = FALSE
	EndGlobalSection
	GlobalSection(ExtensibilityGlobals) = postSolution
		SolutionGuid = {94D0D601-A844-471E-BB52-A2702E2C326A}
	EndGlobalSection
EndGlobal
